// !$*UTF8*$!
{
	archiveVersion = 1;
	classes = {
	};
	objectVersion = 46;
	objects = {

/* Begin PBXBuildFile section */
		83245729189F7F1D00A8A98E /* LoginViewController.m in Sources */ = {isa = PBXBuildFile; fileRef = 83245728189F7F1D00A8A98E /* LoginViewController.m */; };
		8324572D189F878E00A8A98E /* User.m in Sources */ = {isa = PBXBuildFile; fileRef = 8324572C189F878E00A8A98E /* User.m */; };
		83382CCE18A83E13007DD981 /* EventListVC.m in Sources */ = {isa = PBXBuildFile; fileRef = 83382CCD18A83E13007DD981 /* EventListVC.m */; };
		83B1F919189F62AC00F2CF9A /* Foundation.framework in Frameworks */ = {isa = PBXBuildFile; fileRef = 83B1F918189F62AC00F2CF9A /* Foundation.framework */; };
		83B1F91B189F62AC00F2CF9A /* CoreGraphics.framework in Frameworks */ = {isa = PBXBuildFile; fileRef = 83B1F91A189F62AC00F2CF9A /* CoreGraphics.framework */; };
		83B1F91D189F62AC00F2CF9A /* UIKit.framework in Frameworks */ = {isa = PBXBuildFile; fileRef = 83B1F91C189F62AC00F2CF9A /* UIKit.framework */; };
		83B1F923189F62AC00F2CF9A /* InfoPlist.strings in Resources */ = {isa = PBXBuildFile; fileRef = 83B1F921189F62AC00F2CF9A /* InfoPlist.strings */; };
		83B1F925189F62AC00F2CF9A /* main.m in Sources */ = {isa = PBXBuildFile; fileRef = 83B1F924189F62AC00F2CF9A /* main.m */; };
		83B1F929189F62AC00F2CF9A /* AppDelegate.m in Sources */ = {isa = PBXBuildFile; fileRef = 83B1F928189F62AC00F2CF9A /* AppDelegate.m */; };
		83B1F92C189F62AC00F2CF9A /* Main.storyboard in Resources */ = {isa = PBXBuildFile; fileRef = 83B1F92A189F62AC00F2CF9A /* Main.storyboard */; };
		83B1F931189F62AC00F2CF9A /* Images.xcassets in Resources */ = {isa = PBXBuildFile; fileRef = 83B1F930189F62AC00F2CF9A /* Images.xcassets */; };
		83B1F938189F62AC00F2CF9A /* XCTest.framework in Frameworks */ = {isa = PBXBuildFile; fileRef = 83B1F937189F62AC00F2CF9A /* XCTest.framework */; };
		83B1F939189F62AC00F2CF9A /* Foundation.framework in Frameworks */ = {isa = PBXBuildFile; fileRef = 83B1F918189F62AC00F2CF9A /* Foundation.framework */; };
		83B1F93A189F62AC00F2CF9A /* UIKit.framework in Frameworks */ = {isa = PBXBuildFile; fileRef = 83B1F91C189F62AC00F2CF9A /* UIKit.framework */; };
		83B1F942189F62AC00F2CF9A /* InfoPlist.strings in Resources */ = {isa = PBXBuildFile; fileRef = 83B1F940189F62AC00F2CF9A /* InfoPlist.strings */; };
		83B1F944189F62AC00F2CF9A /* FantasySquaresTests.m in Sources */ = {isa = PBXBuildFile; fileRef = 83B1F943189F62AC00F2CF9A /* FantasySquaresTests.m */; };
		83B1F953189F6C7900F2CF9A /* AudioToolbox.framework in Frameworks */ = {isa = PBXBuildFile; fileRef = 83B1F952189F6C7900F2CF9A /* AudioToolbox.framework */; };
		83B1F955189F6C8100F2CF9A /* CFNetwork.framework in Frameworks */ = {isa = PBXBuildFile; fileRef = 83B1F954189F6C8100F2CF9A /* CFNetwork.framework */; };
		83B1F957189F6C9800F2CF9A /* CoreLocation.framework in Frameworks */ = {isa = PBXBuildFile; fileRef = 83B1F956189F6C9800F2CF9A /* CoreLocation.framework */; };
		83B1F959189F6CAB00F2CF9A /* libz.dylib in Frameworks */ = {isa = PBXBuildFile; fileRef = 83B1F958189F6CAB00F2CF9A /* libz.dylib */; };
		83B1F95B189F6CB400F2CF9A /* MobileCoreServices.framework in Frameworks */ = {isa = PBXBuildFile; fileRef = 83B1F95A189F6CB400F2CF9A /* MobileCoreServices.framework */; };
		83B1F95D189F6CBF00F2CF9A /* QuartzCore.framework in Frameworks */ = {isa = PBXBuildFile; fileRef = 83B1F95C189F6CBF00F2CF9A /* QuartzCore.framework */; };
		83B1F95F189F6CCA00F2CF9A /* Security.framework in Frameworks */ = {isa = PBXBuildFile; fileRef = 83B1F95E189F6CCA00F2CF9A /* Security.framework */; };
		83B1F961189F6CD000F2CF9A /* StoreKit.framework in Frameworks */ = {isa = PBXBuildFile; fileRef = 83B1F960189F6CD000F2CF9A /* StoreKit.framework */; };
		83B1F963189F6CD900F2CF9A /* SystemConfiguration.framework in Frameworks */ = {isa = PBXBuildFile; fileRef = 83B1F962189F6CD900F2CF9A /* SystemConfiguration.framework */; };
		83B1F969189F715700F2CF9A /* SignUpViewController.m in Sources */ = {isa = PBXBuildFile; fileRef = 83B1F968189F715700F2CF9A /* SignUpViewController.m */; };
		BA15D4E118A07A27004053CF /* Parse.framework in Frameworks */ = {isa = PBXBuildFile; fileRef = BA15D4E018A07A27004053CF /* Parse.framework */; };
		BA3BEF6318A09D61002ACA7E /* MainTabViewController.m in Sources */ = {isa = PBXBuildFile; fileRef = BA3BEF6218A09D61002ACA7E /* MainTabViewController.m */; };
		BA3BEF6C18A09E71002ACA7E /* MyGamesTVC.m in Sources */ = {isa = PBXBuildFile; fileRef = BA3BEF6B18A09E71002ACA7E /* MyGamesTVC.m */; };
		BA3BEF6F18A09E81002ACA7E /* JoinGameTVC.m in Sources */ = {isa = PBXBuildFile; fileRef = BA3BEF6E18A09E81002ACA7E /* JoinGameTVC.m */; };
		BA3BEF7218A09EC6002ACA7E /* CreateGameVC.m in Sources */ = {isa = PBXBuildFile; fileRef = BA3BEF7118A09EC6002ACA7E /* CreateGameVC.m */; };
		BA3BEF7518A09F0E002ACA7E /* ViewGameVC.m in Sources */ = {isa = PBXBuildFile; fileRef = BA3BEF7418A09F0E002ACA7E /* ViewGameVC.m */; };
		BA3BEF7818A0A0DE002ACA7E /* Game.m in Sources */ = {isa = PBXBuildFile; fileRef = BA3BEF7718A0A0DE002ACA7E /* Game.m */; };
		BA3BEF7B18A0A5C5002ACA7E /* Event.m in Sources */ = {isa = PBXBuildFile; fileRef = BA3BEF7A18A0A5C5002ACA7E /* Event.m */; };
/* End PBXBuildFile section */

/* Begin PBXContainerItemProxy section */
		83B1F93B189F62AC00F2CF9A /* PBXContainerItemProxy */ = {
			isa = PBXContainerItemProxy;
			containerPortal = 83B1F90D189F62AC00F2CF9A /* Project object */;
			proxyType = 1;
			remoteGlobalIDString = 83B1F914189F62AC00F2CF9A;
			remoteInfo = FantasySquares;
		};
/* End PBXContainerItemProxy section */

/* Begin PBXFileReference section */
		83245727189F7F1D00A8A98E /* LoginViewController.h */ = {isa = PBXFileReference; fileEncoding = 4; lastKnownFileType = sourcecode.c.h; path = LoginViewController.h; sourceTree = "<group>"; };
		83245728189F7F1D00A8A98E /* LoginViewController.m */ = {isa = PBXFileReference; fileEncoding = 4; lastKnownFileType = sourcecode.c.objc; path = LoginViewController.m; sourceTree = "<group>"; };
		8324572B189F878E00A8A98E /* User.h */ = {isa = PBXFileReference; fileEncoding = 4; lastKnownFileType = sourcecode.c.h; path = User.h; sourceTree = "<group>"; };
		8324572C189F878E00A8A98E /* User.m */ = {isa = PBXFileReference; fileEncoding = 4; lastKnownFileType = sourcecode.c.objc; path = User.m; sourceTree = "<group>"; };
		83382CCC18A83E13007DD981 /* EventListVC.h */ = {isa = PBXFileReference; fileEncoding = 4; lastKnownFileType = sourcecode.c.h; path = EventListVC.h; sourceTree = "<group>"; };
		83382CCD18A83E13007DD981 /* EventListVC.m */ = {isa = PBXFileReference; fileEncoding = 4; lastKnownFileType = sourcecode.c.objc; path = EventListVC.m; sourceTree = "<group>"; };
		83B1F915189F62AC00F2CF9A /* FantasySquares.app */ = {isa = PBXFileReference; explicitFileType = wrapper.application; includeInIndex = 0; path = FantasySquares.app; sourceTree = BUILT_PRODUCTS_DIR; };
		83B1F918189F62AC00F2CF9A /* Foundation.framework */ = {isa = PBXFileReference; lastKnownFileType = wrapper.framework; name = Foundation.framework; path = System/Library/Frameworks/Foundation.framework; sourceTree = SDKROOT; };
		83B1F91A189F62AC00F2CF9A /* CoreGraphics.framework */ = {isa = PBXFileReference; lastKnownFileType = wrapper.framework; name = CoreGraphics.framework; path = System/Library/Frameworks/CoreGraphics.framework; sourceTree = SDKROOT; };
		83B1F91C189F62AC00F2CF9A /* UIKit.framework */ = {isa = PBXFileReference; lastKnownFileType = wrapper.framework; name = UIKit.framework; path = System/Library/Frameworks/UIKit.framework; sourceTree = SDKROOT; };
		83B1F920189F62AC00F2CF9A /* FantasySquares-Info.plist */ = {isa = PBXFileReference; lastKnownFileType = text.plist.xml; path = "FantasySquares-Info.plist"; sourceTree = "<group>"; };
		83B1F922189F62AC00F2CF9A /* en */ = {isa = PBXFileReference; lastKnownFileType = text.plist.strings; name = en; path = en.lproj/InfoPlist.strings; sourceTree = "<group>"; };
		83B1F924189F62AC00F2CF9A /* main.m */ = {isa = PBXFileReference; lastKnownFileType = sourcecode.c.objc; path = main.m; sourceTree = "<group>"; };
		83B1F926189F62AC00F2CF9A /* FantasySquares-Prefix.pch */ = {isa = PBXFileReference; lastKnownFileType = sourcecode.c.h; path = "FantasySquares-Prefix.pch"; sourceTree = "<group>"; };
		83B1F927189F62AC00F2CF9A /* AppDelegate.h */ = {isa = PBXFileReference; lastKnownFileType = sourcecode.c.h; path = AppDelegate.h; sourceTree = "<group>"; };
		83B1F928189F62AC00F2CF9A /* AppDelegate.m */ = {isa = PBXFileReference; lastKnownFileType = sourcecode.c.objc; path = AppDelegate.m; sourceTree = "<group>"; };
		83B1F92B189F62AC00F2CF9A /* Base */ = {isa = PBXFileReference; lastKnownFileType = file.storyboard; name = Base; path = Base.lproj/Main.storyboard; sourceTree = "<group>"; };
		83B1F930189F62AC00F2CF9A /* Images.xcassets */ = {isa = PBXFileReference; lastKnownFileType = folder.assetcatalog; path = Images.xcassets; sourceTree = "<group>"; };
		83B1F936189F62AC00F2CF9A /* FantasySquaresTests.xctest */ = {isa = PBXFileReference; explicitFileType = wrapper.cfbundle; includeInIndex = 0; path = FantasySquaresTests.xctest; sourceTree = BUILT_PRODUCTS_DIR; };
		83B1F937189F62AC00F2CF9A /* XCTest.framework */ = {isa = PBXFileReference; lastKnownFileType = wrapper.framework; name = XCTest.framework; path = Library/Frameworks/XCTest.framework; sourceTree = DEVELOPER_DIR; };
		83B1F93F189F62AC00F2CF9A /* FantasySquaresTests-Info.plist */ = {isa = PBXFileReference; lastKnownFileType = text.plist.xml; path = "FantasySquaresTests-Info.plist"; sourceTree = "<group>"; };
		83B1F941189F62AC00F2CF9A /* en */ = {isa = PBXFileReference; lastKnownFileType = text.plist.strings; name = en; path = en.lproj/InfoPlist.strings; sourceTree = "<group>"; };
		83B1F943189F62AC00F2CF9A /* FantasySquaresTests.m */ = {isa = PBXFileReference; lastKnownFileType = sourcecode.c.objc; path = FantasySquaresTests.m; sourceTree = "<group>"; };
		83B1F952189F6C7900F2CF9A /* AudioToolbox.framework */ = {isa = PBXFileReference; lastKnownFileType = wrapper.framework; name = AudioToolbox.framework; path = System/Library/Frameworks/AudioToolbox.framework; sourceTree = SDKROOT; };
		83B1F954189F6C8100F2CF9A /* CFNetwork.framework */ = {isa = PBXFileReference; lastKnownFileType = wrapper.framework; name = CFNetwork.framework; path = System/Library/Frameworks/CFNetwork.framework; sourceTree = SDKROOT; };
		83B1F956189F6C9800F2CF9A /* CoreLocation.framework */ = {isa = PBXFileReference; lastKnownFileType = wrapper.framework; name = CoreLocation.framework; path = System/Library/Frameworks/CoreLocation.framework; sourceTree = SDKROOT; };
		83B1F958189F6CAB00F2CF9A /* libz.dylib */ = {isa = PBXFileReference; lastKnownFileType = "compiled.mach-o.dylib"; name = libz.dylib; path = usr/lib/libz.dylib; sourceTree = SDKROOT; };
		83B1F95A189F6CB400F2CF9A /* MobileCoreServices.framework */ = {isa = PBXFileReference; lastKnownFileType = wrapper.framework; name = MobileCoreServices.framework; path = System/Library/Frameworks/MobileCoreServices.framework; sourceTree = SDKROOT; };
		83B1F95C189F6CBF00F2CF9A /* QuartzCore.framework */ = {isa = PBXFileReference; lastKnownFileType = wrapper.framework; name = QuartzCore.framework; path = System/Library/Frameworks/QuartzCore.framework; sourceTree = SDKROOT; };
		83B1F95E189F6CCA00F2CF9A /* Security.framework */ = {isa = PBXFileReference; lastKnownFileType = wrapper.framework; name = Security.framework; path = System/Library/Frameworks/Security.framework; sourceTree = SDKROOT; };
		83B1F960189F6CD000F2CF9A /* StoreKit.framework */ = {isa = PBXFileReference; lastKnownFileType = wrapper.framework; name = StoreKit.framework; path = System/Library/Frameworks/StoreKit.framework; sourceTree = SDKROOT; };
		83B1F962189F6CD900F2CF9A /* SystemConfiguration.framework */ = {isa = PBXFileReference; lastKnownFileType = wrapper.framework; name = SystemConfiguration.framework; path = System/Library/Frameworks/SystemConfiguration.framework; sourceTree = SDKROOT; };
		83B1F967189F715700F2CF9A /* SignUpViewController.h */ = {isa = PBXFileReference; fileEncoding = 4; lastKnownFileType = sourcecode.c.h; path = SignUpViewController.h; sourceTree = "<group>"; };
		83B1F968189F715700F2CF9A /* SignUpViewController.m */ = {isa = PBXFileReference; fileEncoding = 4; lastKnownFileType = sourcecode.c.objc; path = SignUpViewController.m; sourceTree = "<group>"; };
		BA15D4E018A07A27004053CF /* Parse.framework */ = {isa = PBXFileReference; lastKnownFileType = wrapper.framework; path = Parse.framework; sourceTree = "<group>"; };
		BA3BEF6118A09D61002ACA7E /* MainTabViewController.h */ = {isa = PBXFileReference; fileEncoding = 4; lastKnownFileType = sourcecode.c.h; path = MainTabViewController.h; sourceTree = "<group>"; };
		BA3BEF6218A09D61002ACA7E /* MainTabViewController.m */ = {isa = PBXFileReference; fileEncoding = 4; lastKnownFileType = sourcecode.c.objc; path = MainTabViewController.m; sourceTree = "<group>"; };
		BA3BEF6A18A09E71002ACA7E /* MyGamesTVC.h */ = {isa = PBXFileReference; fileEncoding = 4; lastKnownFileType = sourcecode.c.h; path = MyGamesTVC.h; sourceTree = "<group>"; };
		BA3BEF6B18A09E71002ACA7E /* MyGamesTVC.m */ = {isa = PBXFileReference; fileEncoding = 4; lastKnownFileType = sourcecode.c.objc; path = MyGamesTVC.m; sourceTree = "<group>"; };
		BA3BEF6D18A09E81002ACA7E /* JoinGameTVC.h */ = {isa = PBXFileReference; fileEncoding = 4; lastKnownFileType = sourcecode.c.h; path = JoinGameTVC.h; sourceTree = "<group>"; };
		BA3BEF6E18A09E81002ACA7E /* JoinGameTVC.m */ = {isa = PBXFileReference; fileEncoding = 4; lastKnownFileType = sourcecode.c.objc; path = JoinGameTVC.m; sourceTree = "<group>"; };
		BA3BEF7018A09EC6002ACA7E /* CreateGameVC.h */ = {isa = PBXFileReference; fileEncoding = 4; lastKnownFileType = sourcecode.c.h; path = CreateGameVC.h; sourceTree = "<group>"; };
		BA3BEF7118A09EC6002ACA7E /* CreateGameVC.m */ = {isa = PBXFileReference; fileEncoding = 4; lastKnownFileType = sourcecode.c.objc; path = CreateGameVC.m; sourceTree = "<group>"; };
		BA3BEF7318A09F0E002ACA7E /* ViewGameVC.h */ = {isa = PBXFileReference; fileEncoding = 4; lastKnownFileType = sourcecode.c.h; path = ViewGameVC.h; sourceTree = "<group>"; };
		BA3BEF7418A09F0E002ACA7E /* ViewGameVC.m */ = {isa = PBXFileReference; fileEncoding = 4; lastKnownFileType = sourcecode.c.objc; path = ViewGameVC.m; sourceTree = "<group>"; };
		BA3BEF7618A0A0DE002ACA7E /* Game.h */ = {isa = PBXFileReference; fileEncoding = 4; lastKnownFileType = sourcecode.c.h; path = Game.h; sourceTree = "<group>"; };
		BA3BEF7718A0A0DE002ACA7E /* Game.m */ = {isa = PBXFileReference; fileEncoding = 4; lastKnownFileType = sourcecode.c.objc; path = Game.m; sourceTree = "<group>"; };
		BA3BEF7918A0A5C5002ACA7E /* Event.h */ = {isa = PBXFileReference; fileEncoding = 4; lastKnownFileType = sourcecode.c.h; path = Event.h; sourceTree = "<group>"; };
		BA3BEF7A18A0A5C5002ACA7E /* Event.m */ = {isa = PBXFileReference; fileEncoding = 4; lastKnownFileType = sourcecode.c.objc; path = Event.m; sourceTree = "<group>"; };
/* End PBXFileReference section */

/* Begin PBXFrameworksBuildPhase section */
		83B1F912189F62AC00F2CF9A /* Frameworks */ = {
			isa = PBXFrameworksBuildPhase;
			buildActionMask = 2147483647;
			files = (
				83B1F963189F6CD900F2CF9A /* SystemConfiguration.framework in Frameworks */,
				83B1F961189F6CD000F2CF9A /* StoreKit.framework in Frameworks */,
				83B1F95F189F6CCA00F2CF9A /* Security.framework in Frameworks */,
				83B1F95D189F6CBF00F2CF9A /* QuartzCore.framework in Frameworks */,
				83B1F95B189F6CB400F2CF9A /* MobileCoreServices.framework in Frameworks */,
				83B1F959189F6CAB00F2CF9A /* libz.dylib in Frameworks */,
				83B1F957189F6C9800F2CF9A /* CoreLocation.framework in Frameworks */,
				83B1F91B189F62AC00F2CF9A /* CoreGraphics.framework in Frameworks */,
				83B1F955189F6C8100F2CF9A /* CFNetwork.framework in Frameworks */,
				83B1F953189F6C7900F2CF9A /* AudioToolbox.framework in Frameworks */,
				BA15D4E118A07A27004053CF /* Parse.framework in Frameworks */,
				83B1F91D189F62AC00F2CF9A /* UIKit.framework in Frameworks */,
				83B1F919189F62AC00F2CF9A /* Foundation.framework in Frameworks */,
			);
			runOnlyForDeploymentPostprocessing = 0;
		};
		83B1F933189F62AC00F2CF9A /* Frameworks */ = {
			isa = PBXFrameworksBuildPhase;
			buildActionMask = 2147483647;
			files = (
				83B1F938189F62AC00F2CF9A /* XCTest.framework in Frameworks */,
				83B1F93A189F62AC00F2CF9A /* UIKit.framework in Frameworks */,
				83B1F939189F62AC00F2CF9A /* Foundation.framework in Frameworks */,
			);
			runOnlyForDeploymentPostprocessing = 0;
		};
/* End PBXFrameworksBuildPhase section */

/* Begin PBXGroup section */
		8324572A189F877600A8A98E /* Models */ = {
			isa = PBXGroup;
			children = (
				BA3BEF7918A0A5C5002ACA7E /* Event.h */,
				BA3BEF7A18A0A5C5002ACA7E /* Event.m */,
				BA3BEF7618A0A0DE002ACA7E /* Game.h */,
				BA3BEF7718A0A0DE002ACA7E /* Game.m */,
				8324572B189F878E00A8A98E /* User.h */,
				8324572C189F878E00A8A98E /* User.m */,
			);
			name = Models;
			sourceTree = "<group>";
		};
		83B1F90C189F62AC00F2CF9A = {
			isa = PBXGroup;
			children = (
				83B1F91E189F62AC00F2CF9A /* FantasySquares */,
				83B1F93D189F62AC00F2CF9A /* FantasySquaresTests */,
				83B1F917189F62AC00F2CF9A /* Frameworks */,
				83B1F916189F62AC00F2CF9A /* Products */,
			);
			sourceTree = "<group>";
		};
		83B1F916189F62AC00F2CF9A /* Products */ = {
			isa = PBXGroup;
			children = (
				83B1F915189F62AC00F2CF9A /* FantasySquares.app */,
				83B1F936189F62AC00F2CF9A /* FantasySquaresTests.xctest */,
			);
			name = Products;
			sourceTree = "<group>";
		};
		83B1F917189F62AC00F2CF9A /* Frameworks */ = {
			isa = PBXGroup;
			children = (
				BA15D4E018A07A27004053CF /* Parse.framework */,
				83B1F962189F6CD900F2CF9A /* SystemConfiguration.framework */,
				83B1F960189F6CD000F2CF9A /* StoreKit.framework */,
				83B1F95E189F6CCA00F2CF9A /* Security.framework */,
				83B1F95C189F6CBF00F2CF9A /* QuartzCore.framework */,
				83B1F95A189F6CB400F2CF9A /* MobileCoreServices.framework */,
				83B1F958189F6CAB00F2CF9A /* libz.dylib */,
				83B1F956189F6C9800F2CF9A /* CoreLocation.framework */,
				83B1F954189F6C8100F2CF9A /* CFNetwork.framework */,
				83B1F952189F6C7900F2CF9A /* AudioToolbox.framework */,
				83B1F918189F62AC00F2CF9A /* Foundation.framework */,
				83B1F91A189F62AC00F2CF9A /* CoreGraphics.framework */,
				83B1F91C189F62AC00F2CF9A /* UIKit.framework */,
				83B1F937189F62AC00F2CF9A /* XCTest.framework */,
			);
			name = Frameworks;
			sourceTree = "<group>";
		};
		83B1F91E189F62AC00F2CF9A /* FantasySquares */ = {
			isa = PBXGroup;
			children = (
				83FE937718B0A6BD00BE8B82 /* Images */,
				8324572A189F877600A8A98E /* Models */,
				83B1F96A189F742500F2CF9A /* View Controllers */,
				83B1F927189F62AC00F2CF9A /* AppDelegate.h */,
				83B1F928189F62AC00F2CF9A /* AppDelegate.m */,
				83B1F92A189F62AC00F2CF9A /* Main.storyboard */,
				83B1F930189F62AC00F2CF9A /* Images.xcassets */,
				83B1F91F189F62AC00F2CF9A /* Supporting Files */,
			);
			path = FantasySquares;
			sourceTree = "<group>";
		};
		83B1F91F189F62AC00F2CF9A /* Supporting Files */ = {
			isa = PBXGroup;
			children = (
				83B1F920189F62AC00F2CF9A /* FantasySquares-Info.plist */,
				83B1F921189F62AC00F2CF9A /* InfoPlist.strings */,
				83B1F924189F62AC00F2CF9A /* main.m */,
				83B1F926189F62AC00F2CF9A /* FantasySquares-Prefix.pch */,
			);
			name = "Supporting Files";
			sourceTree = "<group>";
		};
		83B1F93D189F62AC00F2CF9A /* FantasySquaresTests */ = {
			isa = PBXGroup;
			children = (
				83B1F943189F62AC00F2CF9A /* FantasySquaresTests.m */,
				83B1F93E189F62AC00F2CF9A /* Supporting Files */,
			);
			path = FantasySquaresTests;
			sourceTree = "<group>";
		};
		83B1F93E189F62AC00F2CF9A /* Supporting Files */ = {
			isa = PBXGroup;
			children = (
				83B1F93F189F62AC00F2CF9A /* FantasySquaresTests-Info.plist */,
				83B1F940189F62AC00F2CF9A /* InfoPlist.strings */,
			);
			name = "Supporting Files";
			sourceTree = "<group>";
		};
		83B1F96A189F742500F2CF9A /* View Controllers */ = {
			isa = PBXGroup;
			children = (
				83245727189F7F1D00A8A98E /* LoginViewController.h */,
				83245728189F7F1D00A8A98E /* LoginViewController.m */,
				83B1F967189F715700F2CF9A /* SignUpViewController.h */,
				83B1F968189F715700F2CF9A /* SignUpViewController.m */,
				BA3BEF6118A09D61002ACA7E /* MainTabViewController.h */,
				BA3BEF6218A09D61002ACA7E /* MainTabViewController.m */,
				BA3BEF6A18A09E71002ACA7E /* MyGamesTVC.h */,
				BA3BEF6B18A09E71002ACA7E /* MyGamesTVC.m */,
				BA3BEF6D18A09E81002ACA7E /* JoinGameTVC.h */,
				BA3BEF6E18A09E81002ACA7E /* JoinGameTVC.m */,
				BA3BEF7018A09EC6002ACA7E /* CreateGameVC.h */,
				BA3BEF7118A09EC6002ACA7E /* CreateGameVC.m */,
				BA3BEF7318A09F0E002ACA7E /* ViewGameVC.h */,
				BA3BEF7418A09F0E002ACA7E /* ViewGameVC.m */,
				83382CCC18A83E13007DD981 /* EventListVC.h */,
				83382CCD18A83E13007DD981 /* EventListVC.m */,
			);
			name = "View Controllers";
			sourceTree = "<group>";
		};
		83FE937718B0A6BD00BE8B82 /* Images */ = {
			isa = PBXGroup;
			children = (
			);
			name = Images;
			sourceTree = "<group>";
		};
/* End PBXGroup section */

/* Begin PBXNativeTarget section */
		83B1F914189F62AC00F2CF9A /* FantasySquares */ = {
			isa = PBXNativeTarget;
			buildConfigurationList = 83B1F947189F62AC00F2CF9A /* Build configuration list for PBXNativeTarget "FantasySquares" */;
			buildPhases = (
				83B1F911189F62AC00F2CF9A /* Sources */,
				83B1F912189F62AC00F2CF9A /* Frameworks */,
				83B1F913189F62AC00F2CF9A /* Resources */,
			);
			buildRules = (
			);
			dependencies = (
			);
			name = FantasySquares;
			productName = FantasySquares;
			productReference = 83B1F915189F62AC00F2CF9A /* FantasySquares.app */;
			productType = "com.apple.product-type.application";
		};
		83B1F935189F62AC00F2CF9A /* FantasySquaresTests */ = {
			isa = PBXNativeTarget;
			buildConfigurationList = 83B1F94A189F62AC00F2CF9A /* Build configuration list for PBXNativeTarget "FantasySquaresTests" */;
			buildPhases = (
				83B1F932189F62AC00F2CF9A /* Sources */,
				83B1F933189F62AC00F2CF9A /* Frameworks */,
				83B1F934189F62AC00F2CF9A /* Resources */,
			);
			buildRules = (
			);
			dependencies = (
				83B1F93C189F62AC00F2CF9A /* PBXTargetDependency */,
			);
			name = FantasySquaresTests;
			productName = FantasySquaresTests;
			productReference = 83B1F936189F62AC00F2CF9A /* FantasySquaresTests.xctest */;
			productType = "com.apple.product-type.bundle.unit-test";
		};
/* End PBXNativeTarget section */

/* Begin PBXProject section */
		83B1F90D189F62AC00F2CF9A /* Project object */ = {
			isa = PBXProject;
			attributes = {
				LastUpgradeCheck = 0500;
				ORGANIZATIONNAME = YahooHenry;
				TargetAttributes = {
					83B1F935189F62AC00F2CF9A = {
						TestTargetID = 83B1F914189F62AC00F2CF9A;
					};
				};
			};
			buildConfigurationList = 83B1F910189F62AC00F2CF9A /* Build configuration list for PBXProject "FantasySquares" */;
			compatibilityVersion = "Xcode 3.2";
			developmentRegion = English;
			hasScannedForEncodings = 0;
			knownRegions = (
				en,
				Base,
			);
			mainGroup = 83B1F90C189F62AC00F2CF9A;
			productRefGroup = 83B1F916189F62AC00F2CF9A /* Products */;
			projectDirPath = "";
			projectRoot = "";
			targets = (
				83B1F914189F62AC00F2CF9A /* FantasySquares */,
				83B1F935189F62AC00F2CF9A /* FantasySquaresTests */,
			);
		};
/* End PBXProject section */

/* Begin PBXResourcesBuildPhase section */
		83B1F913189F62AC00F2CF9A /* Resources */ = {
			isa = PBXResourcesBuildPhase;
			buildActionMask = 2147483647;
			files = (
				83B1F931189F62AC00F2CF9A /* Images.xcassets in Resources */,
				83B1F923189F62AC00F2CF9A /* InfoPlist.strings in Resources */,
				83B1F92C189F62AC00F2CF9A /* Main.storyboard in Resources */,
			);
			runOnlyForDeploymentPostprocessing = 0;
		};
		83B1F934189F62AC00F2CF9A /* Resources */ = {
			isa = PBXResourcesBuildPhase;
			buildActionMask = 2147483647;
			files = (
				83B1F942189F62AC00F2CF9A /* InfoPlist.strings in Resources */,
			);
			runOnlyForDeploymentPostprocessing = 0;
		};
/* End PBXResourcesBuildPhase section */

/* Begin PBXSourcesBuildPhase section */
		83B1F911189F62AC00F2CF9A /* Sources */ = {
			isa = PBXSourcesBuildPhase;
			buildActionMask = 2147483647;
			files = (
				BA3BEF7B18A0A5C5002ACA7E /* Event.m in Sources */,
				BA3BEF7518A09F0E002ACA7E /* ViewGameVC.m in Sources */,
				BA3BEF7818A0A0DE002ACA7E /* Game.m in Sources */,
				8324572D189F878E00A8A98E /* User.m in Sources */,
				BA3BEF7218A09EC6002ACA7E /* CreateGameVC.m in Sources */,
				83245729189F7F1D00A8A98E /* LoginViewController.m in Sources */,
				83B1F929189F62AC00F2CF9A /* AppDelegate.m in Sources */,
				83B1F925189F62AC00F2CF9A /* main.m in Sources */,
				83B1F969189F715700F2CF9A /* SignUpViewController.m in Sources */,
				BA3BEF6318A09D61002ACA7E /* MainTabViewController.m in Sources */,
				83382CCE18A83E13007DD981 /* EventListVC.m in Sources */,
				BA3BEF6F18A09E81002ACA7E /* JoinGameTVC.m in Sources */,
				BA3BEF6C18A09E71002ACA7E /* MyGamesTVC.m in Sources */,
			);
			runOnlyForDeploymentPostprocessing = 0;
		};
		83B1F932189F62AC00F2CF9A /* Sources */ = {
			isa = PBXSourcesBuildPhase;
			buildActionMask = 2147483647;
			files = (
				83B1F944189F62AC00F2CF9A /* FantasySquaresTests.m in Sources */,
			);
			runOnlyForDeploymentPostprocessing = 0;
		};
/* End PBXSourcesBuildPhase section */

/* Begin PBXTargetDependency section */
		83B1F93C189F62AC00F2CF9A /* PBXTargetDependency */ = {
			isa = PBXTargetDependency;
			target = 83B1F914189F62AC00F2CF9A /* FantasySquares */;
			targetProxy = 83B1F93B189F62AC00F2CF9A /* PBXContainerItemProxy */;
		};
/* End PBXTargetDependency section */

/* Begin PBXVariantGroup section */
		83B1F921189F62AC00F2CF9A /* InfoPlist.strings */ = {
			isa = PBXVariantGroup;
			children = (
				83B1F922189F62AC00F2CF9A /* en */,
			);
			name = InfoPlist.strings;
			sourceTree = "<group>";
		};
		83B1F92A189F62AC00F2CF9A /* Main.storyboard */ = {
			isa = PBXVariantGroup;
			children = (
				83B1F92B189F62AC00F2CF9A /* Base */,
			);
			name = Main.storyboard;
			sourceTree = "<group>";
		};
		83B1F940189F62AC00F2CF9A /* InfoPlist.strings */ = {
			isa = PBXVariantGroup;
			children = (
				83B1F941189F62AC00F2CF9A /* en */,
			);
			name = InfoPlist.strings;
			sourceTree = "<group>";
		};
/* End PBXVariantGroup section */

/* Begin XCBuildConfiguration section */
		83B1F945189F62AC00F2CF9A /* Debug */ = {
			isa = XCBuildConfiguration;
			buildSettings = {
				ALWAYS_SEARCH_USER_PATHS = NO;
				ARCHS = "$(ARCHS_STANDARD_INCLUDING_64_BIT)";
				CLANG_CXX_LANGUAGE_STANDARD = "gnu++0x";
				CLANG_CXX_LIBRARY = "libc++";
				CLANG_ENABLE_MODULES = YES;
				CLANG_ENABLE_OBJC_ARC = YES;
				CLANG_WARN_BOOL_CONVERSION = YES;
				CLANG_WARN_CONSTANT_CONVERSION = YES;
				CLANG_WARN_DIRECT_OBJC_ISA_USAGE = YES_ERROR;
				CLANG_WARN_EMPTY_BODY = YES;
				CLANG_WARN_ENUM_CONVERSION = YES;
				CLANG_WARN_INT_CONVERSION = YES;
				CLANG_WARN_OBJC_ROOT_CLASS = YES_ERROR;
				CLANG_WARN__DUPLICATE_METHOD_MATCH = YES;
				"CODE_SIGN_IDENTITY[sdk=iphoneos*]" = "iPhone Developer";
				COPY_PHASE_STRIP = NO;
				GCC_C_LANGUAGE_STANDARD = gnu99;
				GCC_DYNAMIC_NO_PIC = NO;
				GCC_OPTIMIZATION_LEVEL = 0;
				GCC_PREPROCESSOR_DEFINITIONS = (
					"DEBUG=1",
					"$(inherited)",
				);
				GCC_SYMBOLS_PRIVATE_EXTERN = NO;
				GCC_WARN_64_TO_32_BIT_CONVERSION = YES;
				GCC_WARN_ABOUT_RETURN_TYPE = YES_ERROR;
				GCC_WARN_UNDECLARED_SELECTOR = YES;
				GCC_WARN_UNINITIALIZED_AUTOS = YES;
				GCC_WARN_UNUSED_FUNCTION = YES;
				GCC_WARN_UNUSED_VARIABLE = YES;
				IPHONEOS_DEPLOYMENT_TARGET = 7.0;
				ONLY_ACTIVE_ARCH = YES;
				SDKROOT = iphoneos;
			};
			name = Debug;
		};
		83B1F946189F62AC00F2CF9A /* Release */ = {
			isa = XCBuildConfiguration;
			buildSettings = {
				ALWAYS_SEARCH_USER_PATHS = NO;
				ARCHS = "$(ARCHS_STANDARD_INCLUDING_64_BIT)";
				CLANG_CXX_LANGUAGE_STANDARD = "gnu++0x";
				CLANG_CXX_LIBRARY = "libc++";
				CLANG_ENABLE_MODULES = YES;
				CLANG_ENABLE_OBJC_ARC = YES;
				CLANG_WARN_BOOL_CONVERSION = YES;
				CLANG_WARN_CONSTANT_CONVERSION = YES;
				CLANG_WARN_DIRECT_OBJC_ISA_USAGE = YES_ERROR;
				CLANG_WARN_EMPTY_BODY = YES;
				CLANG_WARN_ENUM_CONVERSION = YES;
				CLANG_WARN_INT_CONVERSION = YES;
				CLANG_WARN_OBJC_ROOT_CLASS = YES_ERROR;
				CLANG_WARN__DUPLICATE_METHOD_MATCH = YES;
				"CODE_SIGN_IDENTITY[sdk=iphoneos*]" = "iPhone Developer";
				COPY_PHASE_STRIP = YES;
				ENABLE_NS_ASSERTIONS = NO;
				GCC_C_LANGUAGE_STANDARD = gnu99;
				GCC_WARN_64_TO_32_BIT_CONVERSION = YES;
				GCC_WARN_ABOUT_RETURN_TYPE = YES_ERROR;
				GCC_WARN_UNDECLARED_SELECTOR = YES;
				GCC_WARN_UNINITIALIZED_AUTOS = YES;
				GCC_WARN_UNUSED_FUNCTION = YES;
				GCC_WARN_UNUSED_VARIABLE = YES;
				IPHONEOS_DEPLOYMENT_TARGET = 7.0;
				SDKROOT = iphoneos;
				VALIDATE_PRODUCT = YES;
			};
			name = Release;
		};
		83B1F948189F62AC00F2CF9A /* Debug */ = {
			isa = XCBuildConfiguration;
			buildSettings = {
				ASSETCATALOG_COMPILER_APPICON_NAME = AppIcon;
				ASSETCATALOG_COMPILER_LAUNCHIMAGE_NAME = LaunchImage;
				FRAMEWORK_SEARCH_PATHS = (
					"$(inherited)",
					/Users/hching/git/FantasySquares,
					"/Users/minh/Desktop/Dropbox/c/objective-c/fantasysquares",
				);
				GCC_PRECOMPILE_PREFIX_HEADER = YES;
				GCC_PREFIX_HEADER = "FantasySquares/FantasySquares-Prefix.pch";
				INFOPLIST_FILE = "FantasySquares/FantasySquares-Info.plist";
				IPHONEOS_DEPLOYMENT_TARGET = 6.1;
				PRODUCT_NAME = "$(TARGET_NAME)";
				WRAPPER_EXTENSION = app;
			};
			name = Debug;
		};
		83B1F949189F62AC00F2CF9A /* Release */ = {
			isa = XCBuildConfiguration;
			buildSettings = {
				ASSETCATALOG_COMPILER_APPICON_NAME = AppIcon;
				ASSETCATALOG_COMPILER_LAUNCHIMAGE_NAME = LaunchImage;
				FRAMEWORK_SEARCH_PATHS = (
					"$(inherited)",
					/Users/hching/git/FantasySquares,
					"/Users/minh/Desktop/Dropbox/c/objective-c/fantasysquares",
				);
				GCC_PRECOMPILE_PREFIX_HEADER = YES;
				GCC_PREFIX_HEADER = "FantasySquares/FantasySquares-Prefix.pch";
				INFOPLIST_FILE = "FantasySquares/FantasySquares-Info.plist";
				IPHONEOS_DEPLOYMENT_TARGET = 6.1;
				PRODUCT_NAME = "$(TARGET_NAME)";
				WRAPPER_EXTENSION = app;
			};
			name = Release;
		};
		83B1F94B189F62AC00F2CF9A /* Debug */ = {
			isa = XCBuildConfiguration;
			buildSettings = {
				ARCHS = "$(ARCHS_STANDARD_INCLUDING_64_BIT)";
				BUNDLE_LOADER = "$(BUILT_PRODUCTS_DIR)/FantasySquares.app/FantasySquares";
				FRAMEWORK_SEARCH_PATHS = (
					"$(SDKROOT)/Developer/Library/Frameworks",
					"$(inherited)",
					"$(DEVELOPER_FRAMEWORKS_DIR)",
				);
				GCC_PRECOMPILE_PREFIX_HEADER = YES;
				GCC_PREFIX_HEADER = "FantasySquares/FantasySquares-Prefix.pch";
				GCC_PREPROCESSOR_DEFINITIONS = (
					"DEBUG=1",
					"$(inherited)",
				);
				INFOPLIST_FILE = "FantasySquaresTests/FantasySquaresTests-Info.plist";
				PRODUCT_NAME = "$(TARGET_NAME)";
				TEST_HOST = "$(BUNDLE_LOADER)";
				WRAPPER_EXTENSION = xctest;
			};
			name = Debug;
		};
		83B1F94C189F62AC00F2CF9A /* Release */ = {
			isa = XCBuildConfiguration;
			buildSettings = {
				ARCHS = "$(ARCHS_STANDARD_INCLUDING_64_BIT)";
				BUNDLE_LOADER = "$(BUILT_PRODUCTS_DIR)/FantasySquares.app/FantasySquares";
				FRAMEWORK_SEARCH_PATHS = (
					"$(SDKROOT)/Developer/Library/Frameworks",
					"$(inherited)",
					"$(DEVELOPER_FRAMEWORKS_DIR)",
				);
				GCC_PRECOMPILE_PREFIX_HEADER = YES;
				GCC_PREFIX_HEADER = "FantasySquares/FantasySquares-Prefix.pch";
				INFOPLIST_FILE = "FantasySquaresTests/FantasySquaresTests-Info.plist";
				PRODUCT_NAME = "$(TARGET_NAME)";
				TEST_HOST = "$(BUNDLE_LOADER)";
				WRAPPER_EXTENSION = xctest;
			};
			name = Release;
		};
/* End XCBuildConfiguration section */

/* Begin XCConfigurationList section */
		83B1F910189F62AC00F2CF9A /* Build configuration list for PBXProject "FantasySquares" */ = {
			isa = XCConfigurationList;
			buildConfigurations = (
				83B1F945189F62AC00F2CF9A /* Debug */,
				83B1F946189F62AC00F2CF9A /* Release */,
			);
			defaultConfigurationIsVisible = 0;
			defaultConfigurationName = Release;
		};
		83B1F947189F62AC00F2CF9A /* Build configuration list for PBXNativeTarget "FantasySquares" */ = {
			isa = XCConfigurationList;
			buildConfigurations = (
				83B1F948189F62AC00F2CF9A /* Debug */,
				83B1F949189F62AC00F2CF9A /* Release */,
			);
			defaultConfigurationIsVisible = 0;
			defaultConfigurationName = Release;
		};
		83B1F94A189F62AC00F2CF9A /* Build configuration list for PBXNativeTarget "FantasySquaresTests" */ = {
			isa = XCConfigurationList;
			buildConfigurations = (
				83B1F94B189F62AC00F2CF9A /* Debug */,
				83B1F94C189F62AC00F2CF9A /* Release */,
			);
			defaultConfigurationIsVisible = 0;
			defaultConfigurationName = Release;
		};
/* End XCConfigurationList section */
	};
	rootObject = 83B1F90D189F62AC00F2CF9A /* Project object */;
}
